
Microsoft Visual Studio Solution File, Format Version 12.00
# Visual Studio Version 16
VisualStudioVersion = 16.0.32413.511
MinimumVisualStudioVersion = 10.0.40219.1
Project("{8BC9CEB8-8B4A-11D0-8D11-00A0C91BC942}") = "laba5_StaticLib", "laba5_StaticLib.vcxproj", "{674D27EC-4B97-4D2E-A72A-9565E5491970}"
EndProject
Project("{8BC9CEB8-8B4A-11D0-8D11-00A0C91BC942}") = "laba5_Lib", "..\laba5_Lib\laba5_Lib.vcxproj", "{287B726B-4880-42F1-B555-457D8742241F}"
EndProject
Global
	GlobalSection(SolutionConfigurationPlatforms) = preSolution
		Debug|x64 = Debug|x64
		Debug|x86 = Debug|x86
		Release|x64 = Release|x64
		Release|x86 = Release|x86
	EndGlobalSection
	GlobalSection(ProjectConfigurationPlatforms) = postSolution
		{674D27EC-4B97-4D2E-A72A-9565E5491970}.Debug|x64.ActiveCfg = Debug|x64
		{674D27EC-4B97-4D2E-A72A-9565E5491970}.Debug|x64.Build.0 = Debug|x64
		{674D27EC-4B97-4D2E-A72A-9565E5491970}.Debug|x86.ActiveCfg = Debug|Win32
		{674D27EC-4B97-4D2E-A72A-9565E5491970}.Debug|x86.Build.0 = Debug|Win32
		{674D27EC-4B97-4D2E-A72A-9565E5491970}.Release|x64.ActiveCfg = Release|x64
		{674D27EC-4B97-4D2E-A72A-9565E5491970}.Release|x64.Build.0 = Release|x64
		{674D27EC-4B97-4D2E-A72A-9565E5491970}.Release|x86.ActiveCfg = Release|Win32
		{674D27EC-4B97-4D2E-A72A-9565E5491970}.Release|x86.Build.0 = Release|Win32
		{287B726B-4880-42F1-B555-457D8742241F}.Debug|x64.ActiveCfg = Debug|x64
		{287B726B-4880-42F1-B555-457D8742241F}.Debug|x64.Build.0 = Debug|x64
		{287B726B-4880-42F1-B555-457D8742241F}.Debug|x86.ActiveCfg = Debug|Win32
		{287B726B-4880-42F1-B555-457D8742241F}.Debug|x86.Build.0 = Debug|Win32
		{287B726B-4880-42F1-B555-457D8742241F}.Release|x64.ActiveCfg = Release|x64
		{287B726B-4880-42F1-B555-457D8742241F}.Release|x64.Build.0 = Release|x64
		{287B726B-4880-42F1-B555-457D8742241F}.Release|x86.ActiveCfg = Release|Win32
		{287B726B-4880-42F1-B555-457D8742241F}.Release|x86.Build.0 = Release|Win32
	EndGlobalSection
	GlobalSection(SolutionProperties) = preSolution
		HideSolutionNode = FALSE
	EndGlobalSection
	GlobalSection(ExtensibilityGlobals) = postSolution
		SolutionGuid = {D3B2BAED-CC9D-4407-9A6F-0EA7C140F799}
	EndGlobalSection
EndGlobal
